Microsoft Visual Studio Solution File, Format Version 12.00
# Visual Studio 2012
Project("{FAE04EC0-301F-11D3-BF4B-00C04F79EFBC}") = "Lunar Front", "Lunar Front.csproj", "{68D98514-73DC-4C20-81CF-92BF87AC21DE}"
EndProject
Global
	GlobalSection(SolutionConfigurationPlatforms) = preSolution
	Debug|Any CPU = Debug|Any CPU
	ExportDebug|Any CPU = ExportDebug|Any CPU
	ExportRelease|Any CPU = ExportRelease|Any CPU
	EndGlobalSection
	GlobalSection(ProjectConfigurationPlatforms) = postSolution
		{68D98514-73DC-4C20-81CF-92BF87AC21DE}.Debug|Any CPU.ActiveCfg = Debug|Any CPU
		{68D98514-73DC-4C20-81CF-92BF87AC21DE}.Debug|Any CPU.Build.0 = Debug|Any CPU
		{68D98514-73DC-4C20-81CF-92BF87AC21DE}.ExportDebug|Any CPU.ActiveCfg = ExportDebug|Any CPU
		{68D98514-73DC-4C20-81CF-92BF87AC21DE}.ExportDebug|Any CPU.Build.0 = ExportDebug|Any CPU
		{68D98514-73DC-4C20-81CF-92BF87AC21DE}.ExportRelease|Any CPU.ActiveCfg = ExportRelease|Any CPU
		{68D98514-73DC-4C20-81CF-92BF87AC21DE}.ExportRelease|Any CPU.Build.0 = ExportRelease|Any CPU
	EndGlobalSection
EndGlobal
